// !$*UTF8*$!
{
	archiveVersion = 1;
	classes = {
	};
	objectVersion = 51;
	objects = {

/* Begin PBXBuildFile section */
		0793B89D9E381CEF1F6C3F30 /* Pods_Github_APITests.framework in Frameworks */ = {isa = PBXBuildFile; fileRef = B8C7ECF4A74FB61697858839 /* Pods_Github_APITests.framework */; };
		B437F649E9F9D657EDCD305E /* Pods_Github_API_Github_APIUITests.framework in Frameworks */ = {isa = PBXBuildFile; fileRef = 659168708DD0AC1178DF2AFC /* Pods_Github_API_Github_APIUITests.framework */; };
		C1294D912513971200BEBDE0 /* R.generated.swift in Sources */ = {isa = PBXBuildFile; fileRef = C1294D902513971200BEBDE0 /* R.generated.swift */; };
		C14362B82513943200A4B358 /* AppDelegate.swift in Sources */ = {isa = PBXBuildFile; fileRef = C14362B72513943200A4B358 /* AppDelegate.swift */; };
		C14362BA2513943200A4B358 /* SceneDelegate.swift in Sources */ = {isa = PBXBuildFile; fileRef = C14362B92513943200A4B358 /* SceneDelegate.swift */; };
		C14362BC2513943200A4B358 /* ViewController.swift in Sources */ = {isa = PBXBuildFile; fileRef = C14362BB2513943200A4B358 /* ViewController.swift */; };
		C14362BF2513943200A4B358 /* Main.storyboard in Resources */ = {isa = PBXBuildFile; fileRef = C14362BD2513943200A4B358 /* Main.storyboard */; };
		C14362C12513943400A4B358 /* Assets.xcassets in Resources */ = {isa = PBXBuildFile; fileRef = C14362C02513943400A4B358 /* Assets.xcassets */; };
		C14362C42513943400A4B358 /* LaunchScreen.storyboard in Resources */ = {isa = PBXBuildFile; fileRef = C14362C22513943400A4B358 /* LaunchScreen.storyboard */; };
		C14362CF2513943400A4B358 /* Github_APITests.swift in Sources */ = {isa = PBXBuildFile; fileRef = C14362CE2513943400A4B358 /* Github_APITests.swift */; };
		C14362DA2513943400A4B358 /* Github_APIUITests.swift in Sources */ = {isa = PBXBuildFile; fileRef = C14362D92513943400A4B358 /* Github_APIUITests.swift */; };
		C1DDFE6625139F9400E44DA2 /* Settings.bundle in Resources */ = {isa = PBXBuildFile; fileRef = C1DDFE6525139F9400E44DA2 /* Settings.bundle */; };
		ECBF5B9361B36E28A86A336B /* Pods_Github_API.framework in Frameworks */ = {isa = PBXBuildFile; fileRef = 1698387A8F260E65B3196965 /* Pods_Github_API.framework */; };
/* End PBXBuildFile section */

/* Begin PBXContainerItemProxy section */
		C14362CB2513943400A4B358 /* PBXContainerItemProxy */ = {
			isa = PBXContainerItemProxy;
			containerPortal = C14362AC2513943200A4B358 /* Project object */;
			proxyType = 1;
			remoteGlobalIDString = C14362B32513943200A4B358;
			remoteInfo = "Github-API";
		};
		C14362D62513943400A4B358 /* PBXContainerItemProxy */ = {
			isa = PBXContainerItemProxy;
			containerPortal = C14362AC2513943200A4B358 /* Project object */;
			proxyType = 1;
			remoteGlobalIDString = C14362B32513943200A4B358;
			remoteInfo = "Github-API";
		};
/* End PBXContainerItemProxy section */

/* Begin PBXFileReference section */
		1698387A8F260E65B3196965 /* Pods_Github_API.framework */ = {isa = PBXFileReference; explicitFileType = wrapper.framework; includeInIndex = 0; path = Pods_Github_API.framework; sourceTree = BUILT_PRODUCTS_DIR; };
		45323FEF27C4F9723BEC42FF /* Pods-Github-API-Github-APIUITests.debug.xcconfig */ = {isa = PBXFileReference; includeInIndex = 1; lastKnownFileType = text.xcconfig; name = "Pods-Github-API-Github-APIUITests.debug.xcconfig"; path = "Target Support Files/Pods-Github-API-Github-APIUITests/Pods-Github-API-Github-APIUITests.debug.xcconfig"; sourceTree = "<group>"; };
		659168708DD0AC1178DF2AFC /* Pods_Github_API_Github_APIUITests.framework */ = {isa = PBXFileReference; explicitFileType = wrapper.framework; includeInIndex = 0; path = Pods_Github_API_Github_APIUITests.framework; sourceTree = BUILT_PRODUCTS_DIR; };
		8A791C5100EE07A03EC93233 /* Pods-Github-API.release.xcconfig */ = {isa = PBXFileReference; includeInIndex = 1; lastKnownFileType = text.xcconfig; name = "Pods-Github-API.release.xcconfig"; path = "Target Support Files/Pods-Github-API/Pods-Github-API.release.xcconfig"; sourceTree = "<group>"; };
		8AE219BA411BC0414C6D0BFD /* Pods-Github-APITests.debug.xcconfig */ = {isa = PBXFileReference; includeInIndex = 1; lastKnownFileType = text.xcconfig; name = "Pods-Github-APITests.debug.xcconfig"; path = "Target Support Files/Pods-Github-APITests/Pods-Github-APITests.debug.xcconfig"; sourceTree = "<group>"; };
		B40E77CE8460E0EF3CB541D1 /* Pods-Github-API-Github-APIUITests.release.xcconfig */ = {isa = PBXFileReference; includeInIndex = 1; lastKnownFileType = text.xcconfig; name = "Pods-Github-API-Github-APIUITests.release.xcconfig"; path = "Target Support Files/Pods-Github-API-Github-APIUITests/Pods-Github-API-Github-APIUITests.release.xcconfig"; sourceTree = "<group>"; };
		B8C7ECF4A74FB61697858839 /* Pods_Github_APITests.framework */ = {isa = PBXFileReference; explicitFileType = wrapper.framework; includeInIndex = 0; path = Pods_Github_APITests.framework; sourceTree = BUILT_PRODUCTS_DIR; };
		BE7AA290E546BB5FF23763F0 /* Pods-Github-APITests.release.xcconfig */ = {isa = PBXFileReference; includeInIndex = 1; lastKnownFileType = text.xcconfig; name = "Pods-Github-APITests.release.xcconfig"; path = "Target Support Files/Pods-Github-APITests/Pods-Github-APITests.release.xcconfig"; sourceTree = "<group>"; };
		C1294D902513971200BEBDE0 /* R.generated.swift */ = {isa = PBXFileReference; fileEncoding = 4; lastKnownFileType = sourcecode.swift; path = R.generated.swift; sourceTree = "<group>"; };
		C14362B42513943200A4B358 /* Github-API.app */ = {isa = PBXFileReference; explicitFileType = wrapper.application; includeInIndex = 0; path = "Github-API.app"; sourceTree = BUILT_PRODUCTS_DIR; };
		C14362B72513943200A4B358 /* AppDelegate.swift */ = {isa = PBXFileReference; lastKnownFileType = sourcecode.swift; path = AppDelegate.swift; sourceTree = "<group>"; };
		C14362B92513943200A4B358 /* SceneDelegate.swift */ = {isa = PBXFileReference; lastKnownFileType = sourcecode.swift; path = SceneDelegate.swift; sourceTree = "<group>"; };
		C14362BB2513943200A4B358 /* ViewController.swift */ = {isa = PBXFileReference; lastKnownFileType = sourcecode.swift; path = ViewController.swift; sourceTree = "<group>"; };
		C14362BE2513943200A4B358 /* Base */ = {isa = PBXFileReference; lastKnownFileType = file.storyboard; name = Base; path = Base.lproj/Main.storyboard; sourceTree = "<group>"; };
		C14362C02513943400A4B358 /* Assets.xcassets */ = {isa = PBXFileReference; lastKnownFileType = folder.assetcatalog; path = Assets.xcassets; sourceTree = "<group>"; };
		C14362C32513943400A4B358 /* Base */ = {isa = PBXFileReference; lastKnownFileType = file.storyboard; name = Base; path = Base.lproj/LaunchScreen.storyboard; sourceTree = "<group>"; };
		C14362C52513943400A4B358 /* Info.plist */ = {isa = PBXFileReference; lastKnownFileType = text.plist.xml; path = Info.plist; sourceTree = "<group>"; };
		C14362CA2513943400A4B358 /* Github-APITests.xctest */ = {isa = PBXFileReference; explicitFileType = wrapper.cfbundle; includeInIndex = 0; path = "Github-APITests.xctest"; sourceTree = BUILT_PRODUCTS_DIR; };
		C14362CE2513943400A4B358 /* Github_APITests.swift */ = {isa = PBXFileReference; lastKnownFileType = sourcecode.swift; path = Github_APITests.swift; sourceTree = "<group>"; };
		C14362D02513943400A4B358 /* Info.plist */ = {isa = PBXFileReference; lastKnownFileType = text.plist.xml; path = Info.plist; sourceTree = "<group>"; };
		C14362D52513943400A4B358 /* Github-APIUITests.xctest */ = {isa = PBXFileReference; explicitFileType = wrapper.cfbundle; includeInIndex = 0; path = "Github-APIUITests.xctest"; sourceTree = BUILT_PRODUCTS_DIR; };
		C14362D92513943400A4B358 /* Github_APIUITests.swift */ = {isa = PBXFileReference; lastKnownFileType = sourcecode.swift; path = Github_APIUITests.swift; sourceTree = "<group>"; };
		C14362DB2513943400A4B358 /* Info.plist */ = {isa = PBXFileReference; lastKnownFileType = text.plist.xml; path = Info.plist; sourceTree = "<group>"; };
		C1DDFE6525139F9400E44DA2 /* Settings.bundle */ = {isa = PBXFileReference; lastKnownFileType = "wrapper.plug-in"; path = Settings.bundle; sourceTree = "<group>"; };
		FC58CF09A327F9559E0EE373 /* Pods-Github-API.debug.xcconfig */ = {isa = PBXFileReference; includeInIndex = 1; lastKnownFileType = text.xcconfig; name = "Pods-Github-API.debug.xcconfig"; path = "Target Support Files/Pods-Github-API/Pods-Github-API.debug.xcconfig"; sourceTree = "<group>"; };
/* End PBXFileReference section */

/* Begin PBXFrameworksBuildPhase section */
		C14362B12513943200A4B358 /* Frameworks */ = {
			isa = PBXFrameworksBuildPhase;
			buildActionMask = 2147483647;
			files = (
				ECBF5B9361B36E28A86A336B /* Pods_Github_API.framework in Frameworks */,
			);
			runOnlyForDeploymentPostprocessing = 0;
		};
		C14362C72513943400A4B358 /* Frameworks */ = {
			isa = PBXFrameworksBuildPhase;
			buildActionMask = 2147483647;
			files = (
				0793B89D9E381CEF1F6C3F30 /* Pods_Github_APITests.framework in Frameworks */,
			);
			runOnlyForDeploymentPostprocessing = 0;
		};
		C14362D22513943400A4B358 /* Frameworks */ = {
			isa = PBXFrameworksBuildPhase;
			buildActionMask = 2147483647;
			files = (
				B437F649E9F9D657EDCD305E /* Pods_Github_API_Github_APIUITests.framework in Frameworks */,
			);
			runOnlyForDeploymentPostprocessing = 0;
		};
/* End PBXFrameworksBuildPhase section */

/* Begin PBXGroup section */
		92C696ED1895472644AC62CF /* Pods */ = {
			isa = PBXGroup;
			children = (
				FC58CF09A327F9559E0EE373 /* Pods-Github-API.debug.xcconfig */,
				8A791C5100EE07A03EC93233 /* Pods-Github-API.release.xcconfig */,
				45323FEF27C4F9723BEC42FF /* Pods-Github-API-Github-APIUITests.debug.xcconfig */,
				B40E77CE8460E0EF3CB541D1 /* Pods-Github-API-Github-APIUITests.release.xcconfig */,
				8AE219BA411BC0414C6D0BFD /* Pods-Github-APITests.debug.xcconfig */,
				BE7AA290E546BB5FF23763F0 /* Pods-Github-APITests.release.xcconfig */,
			);
			path = Pods;
			sourceTree = "<group>";
		};
		C14362AB2513943200A4B358 = {
			isa = PBXGroup;
			children = (
				C1294D902513971200BEBDE0 /* R.generated.swift */,
				C14362B62513943200A4B358 /* Github-API */,
				C14362CD2513943400A4B358 /* Github-APITests */,
				C14362D82513943400A4B358 /* Github-APIUITests */,
				C14362B52513943200A4B358 /* Products */,
				92C696ED1895472644AC62CF /* Pods */,
				DA07B6E1FC6994773E7D4FBB /* Frameworks */,
			);
			sourceTree = "<group>";
		};
		C14362B52513943200A4B358 /* Products */ = {
			isa = PBXGroup;
			children = (
				C14362B42513943200A4B358 /* Github-API.app */,
				C14362CA2513943400A4B358 /* Github-APITests.xctest */,
				C14362D52513943400A4B358 /* Github-APIUITests.xctest */,
			);
			name = Products;
			sourceTree = "<group>";
		};
		C14362B62513943200A4B358 /* Github-API */ = {
			isa = PBXGroup;
			children = (
				C14362B72513943200A4B358 /* AppDelegate.swift */,
				C14362B92513943200A4B358 /* SceneDelegate.swift */,
				C14362BB2513943200A4B358 /* ViewController.swift */,
				C14362BD2513943200A4B358 /* Main.storyboard */,
				C14362C02513943400A4B358 /* Assets.xcassets */,
				C14362C22513943400A4B358 /* LaunchScreen.storyboard */,
				C14362C52513943400A4B358 /* Info.plist */,
				C1DDFE6525139F9400E44DA2 /* Settings.bundle */,
			);
			path = "Github-API";
			sourceTree = "<group>";
		};
		C14362CD2513943400A4B358 /* Github-APITests */ = {
			isa = PBXGroup;
			children = (
				C14362CE2513943400A4B358 /* Github_APITests.swift */,
				C14362D02513943400A4B358 /* Info.plist */,
			);
			path = "Github-APITests";
			sourceTree = "<group>";
		};
		C14362D82513943400A4B358 /* Github-APIUITests */ = {
			isa = PBXGroup;
			children = (
				C14362D92513943400A4B358 /* Github_APIUITests.swift */,
				C14362DB2513943400A4B358 /* Info.plist */,
			);
			path = "Github-APIUITests";
			sourceTree = "<group>";
		};
		DA07B6E1FC6994773E7D4FBB /* Frameworks */ = {
			isa = PBXGroup;
			children = (
				1698387A8F260E65B3196965 /* Pods_Github_API.framework */,
				659168708DD0AC1178DF2AFC /* Pods_Github_API_Github_APIUITests.framework */,
				B8C7ECF4A74FB61697858839 /* Pods_Github_APITests.framework */,
			);
			name = Frameworks;
			sourceTree = "<group>";
		};
/* End PBXGroup section */

/* Begin PBXNativeTarget section */
		C14362B32513943200A4B358 /* Github-API */ = {
			isa = PBXNativeTarget;
			buildConfigurationList = C14362DE2513943400A4B358 /* Build configuration list for PBXNativeTarget "Github-API" */;
			buildPhases = (
				C3D4C90C681CAB5107439E72 /* [CP] Check Pods Manifest.lock */,
				C14362E72513966100A4B358 /* Rswift Run Script */,
				C14362B02513943200A4B358 /* Sources */,
				C14362B12513943200A4B358 /* Frameworks */,
				C14362B22513943200A4B358 /* Resources */,
				77F589897339720AC3F5678B /* [CP] Embed Pods Frameworks */,
				C1294D922513972D00BEBDE0 /* Lint Run Script */,
				C1294D932513989800BEBDE0 /* License Plist Run Script */,
			);
			buildRules = (
			);
			dependencies = (
			);
			name = "Github-API";
			productName = "Github-API";
			productReference = C14362B42513943200A4B358 /* Github-API.app */;
			productType = "com.apple.product-type.application";
		};
		C14362C92513943400A4B358 /* Github-APITests */ = {
			isa = PBXNativeTarget;
			buildConfigurationList = C14362E12513943400A4B358 /* Build configuration list for PBXNativeTarget "Github-APITests" */;
			buildPhases = (
				0023E5FCE41C83241F19B4B6 /* [CP] Check Pods Manifest.lock */,
				C14362C62513943400A4B358 /* Sources */,
				C14362C72513943400A4B358 /* Frameworks */,
				C14362C82513943400A4B358 /* Resources */,
			);
			buildRules = (
			);
			dependencies = (
				C14362CC2513943400A4B358 /* PBXTargetDependency */,
			);
			name = "Github-APITests";
			productName = "Github-APITests";
			productReference = C14362CA2513943400A4B358 /* Github-APITests.xctest */;
			productType = "com.apple.product-type.bundle.unit-test";
		};
		C14362D42513943400A4B358 /* Github-APIUITests */ = {
			isa = PBXNativeTarget;
			buildConfigurationList = C14362E42513943400A4B358 /* Build configuration list for PBXNativeTarget "Github-APIUITests" */;
			buildPhases = (
				7C9FC894900E16278CCA9CF3 /* [CP] Check Pods Manifest.lock */,
				C14362D12513943400A4B358 /* Sources */,
				C14362D22513943400A4B358 /* Frameworks */,
				C14362D32513943400A4B358 /* Resources */,
				FDA760169865A9D8C34517F2 /* [CP] Embed Pods Frameworks */,
			);
			buildRules = (
			);
			dependencies = (
				C14362D72513943400A4B358 /* PBXTargetDependency */,
			);
			name = "Github-APIUITests";
			productName = "Github-APIUITests";
			productReference = C14362D52513943400A4B358 /* Github-APIUITests.xctest */;
			productType = "com.apple.product-type.bundle.ui-testing";
		};
/* End PBXNativeTarget section */

/* Begin PBXProject section */
		C14362AC2513943200A4B358 /* Project object */ = {
			isa = PBXProject;
			attributes = {
				LastSwiftUpdateCheck = 1170;
				LastUpgradeCheck = 1170;
				ORGANIZATIONNAME = "Masahiro Toyooka";
				TargetAttributes = {
					C14362B32513943200A4B358 = {
						CreatedOnToolsVersion = 11.7;
					};
					C14362C92513943400A4B358 = {
						CreatedOnToolsVersion = 11.7;
						TestTargetID = C14362B32513943200A4B358;
					};
					C14362D42513943400A4B358 = {
						CreatedOnToolsVersion = 11.7;
						TestTargetID = C14362B32513943200A4B358;
					};
				};
			};
			buildConfigurationList = C14362AF2513943200A4B358 /* Build configuration list for PBXProject "Github-API" */;
			compatibilityVersion = "Xcode 9.3";
			developmentRegion = en;
			hasScannedForEncodings = 0;
			knownRegions = (
				en,
				Base,
			);
			mainGroup = C14362AB2513943200A4B358;
			productRefGroup = C14362B52513943200A4B358 /* Products */;
			projectDirPath = "";
			projectRoot = "";
			targets = (
				C14362B32513943200A4B358 /* Github-API */,
				C14362C92513943400A4B358 /* Github-APITests */,
				C14362D42513943400A4B358 /* Github-APIUITests */,
			);
		};
/* End PBXProject section */

/* Begin PBXResourcesBuildPhase section */
		C14362B22513943200A4B358 /* Resources */ = {
			isa = PBXResourcesBuildPhase;
			buildActionMask = 2147483647;
			files = (
				C1DDFE6625139F9400E44DA2 /* Settings.bundle in Resources */,
				C14362C42513943400A4B358 /* LaunchScreen.storyboard in Resources */,
				C14362C12513943400A4B358 /* Assets.xcassets in Resources */,
				C14362BF2513943200A4B358 /* Main.storyboard in Resources */,
			);
			runOnlyForDeploymentPostprocessing = 0;
		};
		C14362C82513943400A4B358 /* Resources */ = {
			isa = PBXResourcesBuildPhase;
			buildActionMask = 2147483647;
			files = (
			);
			runOnlyForDeploymentPostprocessing = 0;
		};
		C14362D32513943400A4B358 /* Resources */ = {
			isa = PBXResourcesBuildPhase;
			buildActionMask = 2147483647;
			files = (
			);
			runOnlyForDeploymentPostprocessing = 0;
		};
/* End PBXResourcesBuildPhase section */

/* Begin PBXShellScriptBuildPhase section */
		0023E5FCE41C83241F19B4B6 /* [CP] Check Pods Manifest.lock */ = {
			isa = PBXShellScriptBuildPhase;
			buildActionMask = 2147483647;
			files = (
			);
			inputFileListPaths = (
			);
			inputPaths = (
				"${PODS_PODFILE_DIR_PATH}/Podfile.lock",
				"${PODS_ROOT}/Manifest.lock",
			);
			name = "[CP] Check Pods Manifest.lock";
			outputFileListPaths = (
			);
			outputPaths = (
				"$(DERIVED_FILE_DIR)/Pods-Github-APITests-checkManifestLockResult.txt",
			);
			runOnlyForDeploymentPostprocessing = 0;
			shellPath = /bin/sh;
			shellScript = "diff \"${PODS_PODFILE_DIR_PATH}/Podfile.lock\" \"${PODS_ROOT}/Manifest.lock\" > /dev/null\nif [ $? != 0 ] ; then\n    # print error to STDERR\n    echo \"error: The sandbox is not in sync with the Podfile.lock. Run 'pod install' or update your CocoaPods installation.\" >&2\n    exit 1\nfi\n# This output is used by Xcode 'outputs' to avoid re-running this script phase.\necho \"SUCCESS\" > \"${SCRIPT_OUTPUT_FILE_0}\"\n";
			showEnvVarsInLog = 0;
		};
		77F589897339720AC3F5678B /* [CP] Embed Pods Frameworks */ = {
			isa = PBXShellScriptBuildPhase;
			buildActionMask = 2147483647;
			files = (
			);
			inputFileListPaths = (
				"${PODS_ROOT}/Target Support Files/Pods-Github-API/Pods-Github-API-frameworks-${CONFIGURATION}-input-files.xcfilelist",
			);
			name = "[CP] Embed Pods Frameworks";
			outputFileListPaths = (
				"${PODS_ROOT}/Target Support Files/Pods-Github-API/Pods-Github-API-frameworks-${CONFIGURATION}-output-files.xcfilelist",
			);
			runOnlyForDeploymentPostprocessing = 0;
			shellPath = /bin/sh;
			shellScript = "\"${PODS_ROOT}/Target Support Files/Pods-Github-API/Pods-Github-API-frameworks.sh\"\n";
			showEnvVarsInLog = 0;
		};
		7C9FC894900E16278CCA9CF3 /* [CP] Check Pods Manifest.lock */ = {
			isa = PBXShellScriptBuildPhase;
			buildActionMask = 2147483647;
			files = (
			);
			inputFileListPaths = (
			);
			inputPaths = (
				"${PODS_PODFILE_DIR_PATH}/Podfile.lock",
				"${PODS_ROOT}/Manifest.lock",
			);
			name = "[CP] Check Pods Manifest.lock";
			outputFileListPaths = (
			);
			outputPaths = (
				"$(DERIVED_FILE_DIR)/Pods-Github-API-Github-APIUITests-checkManifestLockResult.txt",
			);
			runOnlyForDeploymentPostprocessing = 0;
			shellPath = /bin/sh;
			shellScript = "diff \"${PODS_PODFILE_DIR_PATH}/Podfile.lock\" \"${PODS_ROOT}/Manifest.lock\" > /dev/null\nif [ $? != 0 ] ; then\n    # print error to STDERR\n    echo \"error: The sandbox is not in sync with the Podfile.lock. Run 'pod install' or update your CocoaPods installation.\" >&2\n    exit 1\nfi\n# This output is used by Xcode 'outputs' to avoid re-running this script phase.\necho \"SUCCESS\" > \"${SCRIPT_OUTPUT_FILE_0}\"\n";
			showEnvVarsInLog = 0;
		};
		C1294D922513972D00BEBDE0 /* Lint Run Script */ = {
			isa = PBXShellScriptBuildPhase;
			buildActionMask = 2147483647;
			files = (
			);
			inputFileListPaths = (
			);
			inputPaths = (
			);
			name = "Lint Run Script";
			outputFileListPaths = (
			);
			outputPaths = (
			);
			runOnlyForDeploymentPostprocessing = 0;
			shellPath = /bin/sh;
			shellScript = "# Type a script or drag a script file from your workspace to insert its path.\n\"${PODS_ROOT}/SwiftLint/swiftlint\"\n";
		};
		C1294D932513989800BEBDE0 /* License Plist Run Script */ = {
			isa = PBXShellScriptBuildPhase;
			buildActionMask = 2147483647;
			files = (
			);
			inputFileListPaths = (
			);
			inputPaths = (
			);
			name = "License Plist Run Script";
			outputFileListPaths = (
			);
			outputPaths = (
			);
			runOnlyForDeploymentPostprocessing = 0;
			shellPath = /bin/sh;
			shellScript = "# Type a script or drag a script file from your workspace to insert its path.\nif [ $CONFIGURATION = \"Debug\" ]; then\n${PODS_ROOT}/LicensePlist/license-plist --output-path $PRODUCT_NAME/Settings.bundle\nfi\n";
		};
		C14362E72513966100A4B358 /* Rswift Run Script */ = {
			isa = PBXShellScriptBuildPhase;
			buildActionMask = 2147483647;
			files = (
			);
			inputFileListPaths = (
			);
			inputPaths = (
				"$TEMP_DIR/rswift-lastrun",
			);
			name = "Rswift Run Script";
			outputFileListPaths = (
			);
			outputPaths = (
				$SRCROOT/R.generated.swift,
			);
			runOnlyForDeploymentPostprocessing = 0;
			shellPath = /bin/sh;
			shellScript = "# Type a script or drag a script file from your workspace to insert its path.\n\"$PODS_ROOT/R.swift/rswift\" generate \"$SRCROOT/R.generated.swift\"\n";
		};
		C3D4C90C681CAB5107439E72 /* [CP] Check Pods Manifest.lock */ = {
			isa = PBXShellScriptBuildPhase;
			buildActionMask = 2147483647;
			files = (
			);
			inputFileListPaths = (
			);
			inputPaths = (
				"${PODS_PODFILE_DIR_PATH}/Podfile.lock",
				"${PODS_ROOT}/Manifest.lock",
			);
			name = "[CP] Check Pods Manifest.lock";
			outputFileListPaths = (
			);
			outputPaths = (
				"$(DERIVED_FILE_DIR)/Pods-Github-API-checkManifestLockResult.txt",
			);
			runOnlyForDeploymentPostprocessing = 0;
			shellPath = /bin/sh;
			shellScript = "diff \"${PODS_PODFILE_DIR_PATH}/Podfile.lock\" \"${PODS_ROOT}/Manifest.lock\" > /dev/null\nif [ $? != 0 ] ; then\n    # print error to STDERR\n    echo \"error: The sandbox is not in sync with the Podfile.lock. Run 'pod install' or update your CocoaPods installation.\" >&2\n    exit 1\nfi\n# This output is used by Xcode 'outputs' to avoid re-running this script phase.\necho \"SUCCESS\" > \"${SCRIPT_OUTPUT_FILE_0}\"\n";
			showEnvVarsInLog = 0;
		};
		FDA760169865A9D8C34517F2 /* [CP] Embed Pods Frameworks */ = {
			isa = PBXShellScriptBuildPhase;
			buildActionMask = 2147483647;
			files = (
			);
			inputFileListPaths = (
				"${PODS_ROOT}/Target Support Files/Pods-Github-API-Github-APIUITests/Pods-Github-API-Github-APIUITests-frameworks-${CONFIGURATION}-input-files.xcfilelist",
			);
			name = "[CP] Embed Pods Frameworks";
			outputFileListPaths = (
				"${PODS_ROOT}/Target Support Files/Pods-Github-API-Github-APIUITests/Pods-Github-API-Github-APIUITests-frameworks-${CONFIGURATION}-output-files.xcfilelist",
			);
			runOnlyForDeploymentPostprocessing = 0;
			shellPath = /bin/sh;
			shellScript = "\"${PODS_ROOT}/Target Support Files/Pods-Github-API-Github-APIUITests/Pods-Github-API-Github-APIUITests-frameworks.sh\"\n";
			showEnvVarsInLog = 0;
		};
/* End PBXShellScriptBuildPhase section */

/* Begin PBXSourcesBuildPhase section */
		C14362B02513943200A4B358 /* Sources */ = {
			isa = PBXSourcesBuildPhase;
			buildActionMask = 2147483647;
			files = (
				C14362BC2513943200A4B358 /* ViewController.swift in Sources */,
				C14362B82513943200A4B358 /* AppDelegate.swift in Sources */,
				C14362BA2513943200A4B358 /* SceneDelegate.swift in Sources */,
				C1294D912513971200BEBDE0 /* R.generated.swift in Sources */,
			);
			runOnlyForDeploymentPostprocessing = 0;
		};
		C14362C62513943400A4B358 /* Sources */ = {
			isa = PBXSourcesBuildPhase;
			buildActionMask = 2147483647;
			files = (
				C14362CF2513943400A4B358 /* Github_APITests.swift in Sources */,
			);
			runOnlyForDeploymentPostprocessing = 0;
		};
		C14362D12513943400A4B358 /* Sources */ = {
			isa = PBXSourcesBuildPhase;
			buildActionMask = 2147483647;
			files = (
				C14362DA2513943400A4B358 /* Github_APIUITests.swift in Sources */,
			);
			runOnlyForDeploymentPostprocessing = 0;
		};
/* End PBXSourcesBuildPhase section */

/* Begin PBXTargetDependency section */
		C14362CC2513943400A4B358 /* PBXTargetDependency */ = {
			isa = PBXTargetDependency;
			target = C14362B32513943200A4B358 /* Github-API */;
			targetProxy = C14362CB2513943400A4B358 /* PBXContainerItemProxy */;
		};
		C14362D72513943400A4B358 /* PBXTargetDependency */ = {
			isa = PBXTargetDependency;
			target = C14362B32513943200A4B358 /* Github-API */;
			targetProxy = C14362D62513943400A4B358 /* PBXContainerItemProxy */;
		};
/* End PBXTargetDependency section */

/* Begin PBXVariantGroup section */
		C14362BD2513943200A4B358 /* Main.storyboard */ = {
			isa = PBXVariantGroup;
			children = (
				C14362BE2513943200A4B358 /* Base */,
			);
			name = Main.storyboard;
			sourceTree = "<group>";
		};
		C14362C22513943400A4B358 /* LaunchScreen.storyboard */ = {
			isa = PBXVariantGroup;
			children = (
				C14362C32513943400A4B358 /* Base */,
			);
			name = LaunchScreen.storyboard;
			sourceTree = "<group>";
		};
/* End PBXVariantGroup section */

/* Begin XCBuildConfiguration section */
		C14362DC2513943400A4B358 /* Debug */ = {
			isa = XCBuildConfiguration;
			buildSettings = {
				ALWAYS_SEARCH_USER_PATHS = NO;
				CLANG_ANALYZER_NONNULL = YES;
				CLANG_ANALYZER_NUMBER_OBJECT_CONVERSION = YES_AGGRESSIVE;
				CLANG_CXX_LANGUAGE_STANDARD = "gnu++14";
				CLANG_CXX_LIBRARY = "libc++";
				CLANG_ENABLE_MODULES = YES;
				CLANG_ENABLE_OBJC_ARC = YES;
				CLANG_ENABLE_OBJC_WEAK = YES;
				CLANG_WARN_BLOCK_CAPTURE_AUTORELEASING = YES;
				CLANG_WARN_BOOL_CONVERSION = YES;
				CLANG_WARN_COMMA = YES;
				CLANG_WARN_CONSTANT_CONVERSION = YES;
				CLANG_WARN_DEPRECATED_OBJC_IMPLEMENTATIONS = YES;
				CLANG_WARN_DIRECT_OBJC_ISA_USAGE = YES_ERROR;
				CLANG_WARN_DOCUMENTATION_COMMENTS = YES;
				CLANG_WARN_EMPTY_BODY = YES;
				CLANG_WARN_ENUM_CONVERSION = YES;
				CLANG_WARN_INFINITE_RECURSION = YES;
				CLANG_WARN_INT_CONVERSION = YES;
				CLANG_WARN_NON_LITERAL_NULL_CONVERSION = YES;
				CLANG_WARN_OBJC_IMPLICIT_RETAIN_SELF = YES;
				CLANG_WARN_OBJC_LITERAL_CONVERSION = YES;
				CLANG_WARN_OBJC_ROOT_CLASS = YES_ERROR;
				CLANG_WARN_RANGE_LOOP_ANALYSIS = YES;
				CLANG_WARN_STRICT_PROTOTYPES = YES;
				CLANG_WARN_SUSPICIOUS_MOVE = YES;
				CLANG_WARN_UNGUARDED_AVAILABILITY = YES_AGGRESSIVE;
				CLANG_WARN_UNREACHABLE_CODE = YES;
				CLANG_WARN__DUPLICATE_METHOD_MATCH = YES;
				COPY_PHASE_STRIP = NO;
				DEBUG_INFORMATION_FORMAT = dwarf;
				ENABLE_STRICT_OBJC_MSGSEND = YES;
				ENABLE_TESTABILITY = YES;
				GCC_C_LANGUAGE_STANDARD = gnu11;
				GCC_DYNAMIC_NO_PIC = NO;
				GCC_NO_COMMON_BLOCKS = YES;
				GCC_OPTIMIZATION_LEVEL = 0;
				GCC_PREPROCESSOR_DEFINITIONS = (
					"DEBUG=1",
					"$(inherited)",
				);
				GCC_WARN_64_TO_32_BIT_CONVERSION = YES;
				GCC_WARN_ABOUT_RETURN_TYPE = YES_ERROR;
				GCC_WARN_UNDECLARED_SELECTOR = YES;
				GCC_WARN_UNINITIALIZED_AUTOS = YES_AGGRESSIVE;
				GCC_WARN_UNUSED_FUNCTION = YES;
				GCC_WARN_UNUSED_VARIABLE = YES;
				IPHONEOS_DEPLOYMENT_TARGET = 13.7;
				MTL_ENABLE_DEBUG_INFO = INCLUDE_SOURCE;
				MTL_FAST_MATH = YES;
				ONLY_ACTIVE_ARCH = YES;
				SDKROOT = iphoneos;
				SWIFT_ACTIVE_COMPILATION_CONDITIONS = DEBUG;
				SWIFT_OPTIMIZATION_LEVEL = "-Onone";
			};
			name = Debug;
		};
		C14362DD2513943400A4B358 /* Release */ = {
			isa = XCBuildConfiguration;
			buildSettings = {
				ALWAYS_SEARCH_USER_PATHS = NO;
				CLANG_ANALYZER_NONNULL = YES;
				CLANG_ANALYZER_NUMBER_OBJECT_CONVERSION = YES_AGGRESSIVE;
				CLANG_CXX_LANGUAGE_STANDARD = "gnu++14";
				CLANG_CXX_LIBRARY = "libc++";
				CLANG_ENABLE_MODULES = YES;
				CLANG_ENABLE_OBJC_ARC = YES;
				CLANG_ENABLE_OBJC_WEAK = YES;
				CLANG_WARN_BLOCK_CAPTURE_AUTORELEASING = YES;
				CLANG_WARN_BOOL_CONVERSION = YES;
				CLANG_WARN_COMMA = YES;
				CLANG_WARN_CONSTANT_CONVERSION = YES;
				CLANG_WARN_DEPRECATED_OBJC_IMPLEMENTATIONS = YES;
				CLANG_WARN_DIRECT_OBJC_ISA_USAGE = YES_ERROR;
				CLANG_WARN_DOCUMENTATION_COMMENTS = YES;
				CLANG_WARN_EMPTY_BODY = YES;
				CLANG_WARN_ENUM_CONVERSION = YES;
				CLANG_WARN_INFINITE_RECURSION = YES;
				CLANG_WARN_INT_CONVERSION = YES;
				CLANG_WARN_NON_LITERAL_NULL_CONVERSION = YES;
				CLANG_WARN_OBJC_IMPLICIT_RETAIN_SELF = YES;
				CLANG_WARN_OBJC_LITERAL_CONVERSION = YES;
				CLANG_WARN_OBJC_ROOT_CLASS = YES_ERROR;
				CLANG_WARN_RANGE_LOOP_ANALYSIS = YES;
				CLANG_WARN_STRICT_PROTOTYPES = YES;
				CLANG_WARN_SUSPICIOUS_MOVE = YES;
				CLANG_WARN_UNGUARDED_AVAILABILITY = YES_AGGRESSIVE;
				CLANG_WARN_UNREACHABLE_CODE = YES;
				CLANG_WARN__DUPLICATE_METHOD_MATCH = YES;
				COPY_PHASE_STRIP = NO;
				DEBUG_INFORMATION_FORMAT = "dwarf-with-dsym";
				ENABLE_NS_ASSERTIONS = NO;
				ENABLE_STRICT_OBJC_MSGSEND = YES;
				GCC_C_LANGUAGE_STANDARD = gnu11;
				GCC_NO_COMMON_BLOCKS = YES;
				GCC_WARN_64_TO_32_BIT_CONVERSION = YES;
				GCC_WARN_ABOUT_RETURN_TYPE = YES_ERROR;
				GCC_WARN_UNDECLARED_SELECTOR = YES;
				GCC_WARN_UNINITIALIZED_AUTOS = YES_AGGRESSIVE;
				GCC_WARN_UNUSED_FUNCTION = YES;
				GCC_WARN_UNUSED_VARIABLE = YES;
				IPHONEOS_DEPLOYMENT_TARGET = 13.7;
				MTL_ENABLE_DEBUG_INFO = NO;
				MTL_FAST_MATH = YES;
				SDKROOT = iphoneos;
				SWIFT_COMPILATION_MODE = wholemodule;
				SWIFT_OPTIMIZATION_LEVEL = "-O";
				VALIDATE_PRODUCT = YES;
			};
			name = Release;
		};
		C14362DF2513943400A4B358 /* Debug */ = {
			isa = XCBuildConfiguration;
			baseConfigurationReference = FC58CF09A327F9559E0EE373 /* Pods-Github-API.debug.xcconfig */;
			buildSettings = {
				ASSETCATALOG_COMPILER_APPICON_NAME = AppIcon;
				CODE_SIGN_STYLE = Automatic;
				DEVELOPMENT_TEAM = 77P3HR8235;
				INFOPLIST_FILE = "Github-API/Info.plist";
				LD_RUNPATH_SEARCH_PATHS = (
					"$(inherited)",
					"@executable_path/Frameworks",
				);
				PRODUCT_BUNDLE_IDENTIFIER = "com.litech.Github-API";
				PRODUCT_NAME = "$(TARGET_NAME)";
				SWIFT_VERSION = 5.0;
				TARGETED_DEVICE_FAMILY = 1;
			};
			name = Debug;
		};
		C14362E02513943400A4B358 /* Release */ = {
			isa = XCBuildConfiguration;
			baseConfigurationReference = 8A791C5100EE07A03EC93233 /* Pods-Github-API.release.xcconfig */;
			buildSettings = {
				ASSETCATALOG_COMPILER_APPICON_NAME = AppIcon;
				CODE_SIGN_STYLE = Automatic;
				DEVELOPMENT_TEAM = 77P3HR8235;
				INFOPLIST_FILE = "Github-API/Info.plist";
				LD_RUNPATH_SEARCH_PATHS = (
					"$(inherited)",
					"@executable_path/Frameworks",
				);
				PRODUCT_BUNDLE_IDENTIFIER = "com.litech.Github-API";
				PRODUCT_NAME = "$(TARGET_NAME)";
				SWIFT_VERSION = 5.0;
				TARGETED_DEVICE_FAMILY = 1;
			};
			name = Release;
		};
		C14362E22513943400A4B358 /* Debug */ = {
			isa = XCBuildConfiguration;
			baseConfigurationReference = 8AE219BA411BC0414C6D0BFD /* Pods-Github-APITests.debug.xcconfig */;
			buildSettings = {
				ALWAYS_EMBED_SWIFT_STANDARD_LIBRARIES = YES;
				BUNDLE_LOADER = "$(TEST_HOST)";
				CODE_SIGN_STYLE = Automatic;
				DEVELOPMENT_TEAM = 77P3HR8235;
				INFOPLIST_FILE = "Github-APITests/Info.plist";
				IPHONEOS_DEPLOYMENT_TARGET = 13.7;
				LD_RUNPATH_SEARCH_PATHS = (
					"$(inherited)",
					"@executable_path/Frameworks",
					"@loader_path/Frameworks",
				);
				PRODUCT_BUNDLE_IDENTIFIER = "com.litech.Github-APITests";
				PRODUCT_NAME = "$(TARGET_NAME)";
				SWIFT_VERSION = 5.0;
				TARGETED_DEVICE_FAMILY = "1,2";
				TEST_HOST = "$(BUILT_PRODUCTS_DIR)/Github-API.app/Github-API";
			};
			name = Debug;
		};
		C14362E32513943400A4B358 /* Release */ = {
			isa = XCBuildConfiguration;
			baseConfigurationReference = BE7AA290E546BB5FF23763F0 /* Pods-Github-APITests.release.xcconfig */;
			buildSettings = {
				ALWAYS_EMBED_SWIFT_STANDARD_LIBRARIES = YES;
				BUNDLE_LOADER = "$(TEST_HOST)";
				CODE_SIGN_STYLE = Automatic;
				DEVELOPMENT_TEAM = 77P3HR8235;
				INFOPLIST_FILE = "Github-APITests/Info.plist";
				IPHONEOS_DEPLOYMENT_TARGET = 13.7;
				LD_RUNPATH_SEARCH_PATHS = (
					"$(inherited)",
					"@executable_path/Frameworks",
					"@loader_path/Frameworks",
				);
				PRODUCT_BUNDLE_IDENTIFIER = "com.litech.Github-APITests";
				PRODUCT_NAME = "$(TARGET_NAME)";
				SWIFT_VERSION = 5.0;
				TARGETED_DEVICE_FAMILY = "1,2";
				TEST_HOST = "$(BUILT_PRODUCTS_DIR)/Github-API.app/Github-API";
			};
			name = Release;
		};
		C14362E52513943400A4B358 /* Debug */ = {
			isa = XCBuildConfiguration;
			baseConfigurationReference = 45323FEF27C4F9723BEC42FF /* Pods-Github-API-Github-APIUITests.debug.xcconfig */;
			buildSettings = {
				ALWAYS_EMBED_SWIFT_STANDARD_LIBRARIES = YES;
				CODE_SIGN_STYLE = Automatic;
				DEVELOPMENT_TEAM = 77P3HR8235;
				INFOPLIST_FILE = "Github-APIUITests/Info.plist";
				LD_RUNPATH_SEARCH_PATHS = (
					"$(inherited)",
					"@executable_path/Frameworks",
					"@loader_path/Frameworks",
				);
				PRODUCT_BUNDLE_IDENTIFIER = "com.litech.Github-APIUITests";
				PRODUCT_NAME = "$(TARGET_NAME)";
				SWIFT_VERSION = 5.0;
				TARGETED_DEVICE_FAMILY = "1,2";
				TEST_TARGET_NAME = "Github-API";
			};
			name = Debug;
		};
		C14362E62513943400A4B358 /* Release */ = {
			isa = XCBuildConfiguration;
			baseConfigurationReference = B40E77CE8460E0EF3CB541D1 /* Pods-Github-API-Github-APIUITests.release.xcconfig */;
			buildSettings = {
				ALWAYS_EMBED_SWIFT_STANDARD_LIBRARIES = YES;
				CODE_SIGN_STYLE = Automatic;
				DEVELOPMENT_TEAM = 77P3HR8235;
				INFOPLIST_FILE = "Github-APIUITests/Info.plist";
				LD_RUNPATH_SEARCH_PATHS = (
					"$(inherited)",
					"@executable_path/Frameworks",
					"@loader_path/Frameworks",
				);
				PRODUCT_BUNDLE_IDENTIFIER = "com.litech.Github-APIUITests";
				PRODUCT_NAME = "$(TARGET_NAME)";
				SWIFT_VERSION = 5.0;
				TARGETED_DEVICE_FAMILY = "1,2";
				TEST_TARGET_NAME = "Github-API";
			};
			name = Release;
		};
/* End XCBuildConfiguration section */

/* Begin XCConfigurationList section */
		C14362AF2513943200A4B358 /* Build configuration list for PBXProject "Github-API" */ = {
			isa = XCConfigurationList;
			buildConfigurations = (
				C14362DC2513943400A4B358 /* Debug */,
				C14362DD2513943400A4B358 /* Release */,
			);
			defaultConfigurationIsVisible = 0;
			defaultConfigurationName = Release;
		};
		C14362DE2513943400A4B358 /* Build configuration list for PBXNativeTarget "Github-API" */ = {
			isa = XCConfigurationList;
			buildConfigurations = (
				C14362DF2513943400A4B358 /* Debug */,
				C14362E02513943400A4B358 /* Release */,
			);
			defaultConfigurationIsVisible = 0;
			defaultConfigurationName = Release;
		};
		C14362E12513943400A4B358 /* Build configuration list for PBXNativeTarget "Github-APITests" */ = {
			isa = XCConfigurationList;
			buildConfigurations = (
				C14362E22513943400A4B358 /* Debug */,
				C14362E32513943400A4B358 /* Release */,
			);
			defaultConfigurationIsVisible = 0;
			defaultConfigurationName = Release;
		};
		C14362E42513943400A4B358 /* Build configuration list for PBXNativeTarget "Github-APIUITests" */ = {
			isa = XCConfigurationList;
			buildConfigurations = (
				C14362E52513943400A4B358 /* Debug */,
				C14362E62513943400A4B358 /* Release */,
			);
			defaultConfigurationIsVisible = 0;
			defaultConfigurationName = Release;
		};
/* End XCConfigurationList section */
	};
	rootObject = C14362AC2513943200A4B358 /* Project object */;
}
